<?xml version="1.0" encoding="utf-8"?>
<Project ToolsVersion="4.0" xmlns="http://schemas.microsoft.com/developer/msbuild/2003">
  <ItemGroup>
    <Filter Include="source">
      <UniqueIdentifier>{5ee1e0f5-a06c-4f87-9779-9e05dd1a5b72}</UniqueIdentifier>
    </Filter>
    <Filter Include="source\atomic">
      <UniqueIdentifier>{ce1876b2-208b-4b52-ae08-5fa6156f4a00}</UniqueIdentifier>
    </Filter>
    <Filter Include="resources">
      <UniqueIdentifier>{1f567984-9263-4721-a1c6-7f3d0131cca3}</UniqueIdentifier>
    </Filter>
    <Filter Include="resources\shaders">
      <UniqueIdentifier>{0166b21d-7c5c-4b79-a221-d3033b9d98d6}</UniqueIdentifier>
    </Filter>
  </ItemGroup>
  <ItemGroup>
    <ClCompile Include="source\main.cpp">
      <Filter>source</Filter>
    </ClCompile>
    <ClCompile Include="source\atomic\Bitmap.cpp">
      <Filter>source\atomic</Filter>
    </ClCompile>
    <ClCompile Include="source\atomic\Program.cpp">
      <Filter>source\atomic</Filter>
    </ClCompile>
    <ClCompile Include="source\atomic\Shader.cpp">
      <Filter>source\atomic</Filter>
    </ClCompile>
    <ClCompile Include="source\atomic\Texture.cpp">
      <Filter>source\atomic</Filter>
    </ClCompile>
    <ClCompile Include="source\atomic\Camera.cpp">
      <Filter>source\atomic</Filter>
    </ClCompile>
    <ClCompile Include="source\atomic\Model.cpp">
      <Filter>source\atomic</Filter>
    </ClCompile>
    <ClCompile Include="source\atomic\ClientReactor.cpp">
      <Filter>source\atomic</Filter>
    </ClCompile>
    <ClCompile Include="source\atomic\Light.cpp">
      <Filter>source\atomic</Filter>
    </ClCompile>
    <ClCompile Include="source\atomic\text.cpp">
      <Filter>source\atomic</Filter>
    </ClCompile>
  </ItemGroup>
  <ItemGroup>
    <ClInclude Include="source\atomic\Bitmap.h">
      <Filter>source\atomic</Filter>
    </ClInclude>
    <ClInclude Include="source\atomic\Program.h">
      <Filter>source\atomic</Filter>
    </ClInclude>
    <ClInclude Include="source\atomic\Shader.h">
      <Filter>source\atomic</Filter>
    </ClInclude>
    <ClInclude Include="source\atomic\Texture.h">
      <Filter>source\atomic</Filter>
    </ClInclude>
    <ClInclude Include="source\atomic\Camera.h">
      <Filter>source\atomic</Filter>
    </ClInclude>
    <ClInclude Include="source\atomic\Model.h">
      <Filter>source\atomic</Filter>
    </ClInclude>
    <ClInclude Include="source\atomic\ClientReactor.h">
      <Filter>source\atomic</Filter>
    </ClInclude>
    <ClInclude Include="source\exceptions.h">
      <Filter>source</Filter>
    </ClInclude>
    <ClInclude Include="source\atomic\Light.h">
      <Filter>source\atomic</Filter>
    </ClInclude>
    <ClInclude Include="source\atomic\text.h">
      <Filter>source\atomic</Filter>
    </ClInclude>
  </ItemGroup>
  <ItemGroup>
    <None Include="bin\shaders\post_frag.glsl">
      <Filter>resources\shaders</Filter>
    </None>
    <None Include="bin\shaders\post_vert.glsl">
      <Filter>resources\shaders</Filter>
    </None>
    <None Include="bin\shaders\primitive_frag.glsl">
      <Filter>resources\shaders</Filter>
    </None>
    <None Include="bin\shaders\primitive_vert.glsl">
      <Filter>resources\shaders</Filter>
    </None>
    <None Include="bin\shaders\main_frag.glsl">
      <Filter>resources\shaders</Filter>
    </None>
    <None Include="bin\shaders\main_vert.glsl">
      <Filter>resources\shaders</Filter>
    </None>
    <None Include="bin\shaders\text_vert.glsl">
      <Filter>resources\shaders</Filter>
    </None>
    <None Include="bin\shaders\text_frag.glsl">
      <Filter>resources\shaders</Filter>
    </None>
  </ItemGroup>
</Project>